
Microsoft Visual Studio Solution File, Format Version 12.00
# Visual Studio Version 17
VisualStudioVersion = 17.3.32825.248
MinimumVisualStudioVersion = 10.0.40219.1
Project("{FAE04EC0-301F-11D3-BF4B-00C04F79EFBC}") = "Xomnhala", "Xomnhala\Xomnhala.csproj", "{5125A5F7-CA20-4B33-9119-D9D9ED27500D}"
EndProject
Project("{FAE04EC0-301F-11D3-BF4B-00C04F79EFBC}") = "QuanLyBanCafe", "QuanLyBanCafe\QuanLyBanCafe.csproj", "{6EB2000F-47F8-469B-9085-4A581D9FEA36}"
EndProject
Global
	GlobalSection(SolutionConfigurationPlatforms) = preSolution
		Debug|Any CPU = Debug|Any CPU
		Release|Any CPU = Release|Any CPU
	EndGlobalSection
	GlobalSection(ProjectConfigurationPlatforms) = postSolution
		{5125A5F7-CA20-4B33-9119-D9D9ED27500D}.Debug|Any CPU.ActiveCfg = Debug|Any CPU
		{5125A5F7-CA20-4B33-9119-D9D9ED27500D}.Debug|Any CPU.Build.0 = Debug|Any CPU
		{5125A5F7-CA20-4B33-9119-D9D9ED27500D}.Release|Any CPU.ActiveCfg = Release|Any CPU
		{5125A5F7-CA20-4B33-9119-D9D9ED27500D}.Release|Any CPU.Build.0 = Release|Any CPU
		{6EB2000F-47F8-469B-9085-4A581D9FEA36}.Debug|Any CPU.ActiveCfg = Debug|Any CPU
		{6EB2000F-47F8-469B-9085-4A581D9FEA36}.Debug|Any CPU.Build.0 = Debug|Any CPU
		{6EB2000F-47F8-469B-9085-4A581D9FEA36}.Release|Any CPU.ActiveCfg = Release|Any CPU
		{6EB2000F-47F8-469B-9085-4A581D9FEA36}.Release|Any CPU.Build.0 = Release|Any CPU
	EndGlobalSection
	GlobalSection(SolutionProperties) = preSolution
		HideSolutionNode = FALSE
	EndGlobalSection
	GlobalSection(ExtensibilityGlobals) = postSolution
		SolutionGuid = {B4AE3E27-A8EC-4E2F-B477-F9FA65B7F56C}
	EndGlobalSection
EndGlobal
